name: Timelock Controller Governance

on:
  workflow_dispatch:
    inputs:
      action:
        description: 'Pilih aksi governance'
        required: true
        type: choice
        options:
          - 'QUEUE_TRANSACTION'
          - 'EXECUTE_TRANSACTION'
          - 'CANCEL_TRANSACTION'

jobs:
  timelock-process:
    runs-on: ubuntu-latest
    steps:
      - name: Checkout Repository
        uses: actions/checkout@v4

      - name: Initialize Timelock Guard
        run: |
          echo "🛡️ Timelock Governance Active"
          echo "Aksi: ${{ github.event.inputs.action }} sedang diproses..."

      - name: Queue Transaction
        if: github.event.inputs.action == 'QUEUE_TRANSACTION'
        run: |
          echo "⏳ Menempatkan transaksi ke dalam antrian Timelock..."
          # Perintah queue di sini
          echo "| $(date) | QUEUE | TX_HASH |" >> TIMELOCK_LOG.md

      - name: Execute Transaction
        if: github.event.inputs.action == 'EXECUTE_TRANSACTION'
        run: |
          echo "🚀 Mengeksekusi transaksi setelah jeda verifikasi..."
          # Perintah execute di sini
          echo "| $(date) | EXECUTE | TX_HASH |" >> TIMELOCK_LOG.md

      - name: Cancel Transaction
        if: github.event.inputs.action == 'CANCEL_TRANSACTION'
        run: |
          echo "❌ Membatalkan transaksi sebelum eksekusi..."
          # Perintah cancel di sini
          echo "| $(date) | CANCEL | TX_HASH |" >> TIMELOCK_LOG.md

      - name: Secure Audit Trail
        run: |
          git config user.name "CITO-STG-Bot"
          git config user.email "cito@stg.internal"
          git add TIMELOCK_LOG.md
          git commit -m "Timelock Action Completed: ${{ github.event.inputs.action }}"
          git push
          
